// !$*UTF8*$!
{
	archiveVersion = 1;
	classes = {
	};
	objectVersion = 46;
	objects = {

/* Begin PBXBuildFile section */
		0013505515003C1900B0976D /* YKUISwitch.h in Headers */ = {isa = PBXBuildFile; fileRef = 0013505315003C1900B0976D /* YKUISwitch.h */; };
		00149F2D1521040800321DF4 /* YKUISwipeView.h in Headers */ = {isa = PBXBuildFile; fileRef = 00149F2B1521040800321DF4 /* YKUISwipeView.h */; };
		00149F2E1521040800321DF4 /* YKUISwipeView.m in Sources */ = {isa = PBXBuildFile; fileRef = 00149F2C1521040800321DF4 /* YKUISwipeView.m */; };
		002629AF151BABB800F840DB /* YKUIButtons.h in Headers */ = {isa = PBXBuildFile; fileRef = 002629AD151BABB800F840DB /* YKUIButtons.h */; };
		002629B0151BABB800F840DB /* YKUIButtons.m in Sources */ = {isa = PBXBuildFile; fileRef = 002629AE151BABB800F840DB /* YKUIButtons.m */; };
		004DA802145235F100247993 /* YKUILayoutView.h in Headers */ = {isa = PBXBuildFile; fileRef = 004DA800145235F000247993 /* YKUILayoutView.h */; };
		004DA803145235F100247993 /* YKUILayoutView.m in Sources */ = {isa = PBXBuildFile; fileRef = 004DA801145235F100247993 /* YKUILayoutView.m */; };
		005592EC140B0085001E9C43 /* Foundation.framework in Frameworks */ = {isa = PBXBuildFile; fileRef = 005592EB140B0085001E9C43 /* Foundation.framework */; };
		00559329140B00F6001E9C43 /* YKImageLoader.h in Headers */ = {isa = PBXBuildFile; fileRef = 00559300140B00F6001E9C43 /* YKImageLoader.h */; };
		0055932A140B00F6001E9C43 /* YKImageLoader.m in Sources */ = {isa = PBXBuildFile; fileRef = 00559301140B00F6001E9C43 /* YKImageLoader.m */; };
		0055932B140B00F6001E9C43 /* YKUIActivityLabel.h in Headers */ = {isa = PBXBuildFile; fileRef = 00559303140B00F6001E9C43 /* YKUIActivityLabel.h */; };
		0055932C140B00F6001E9C43 /* YKUIActivityLabel.m in Sources */ = {isa = PBXBuildFile; fileRef = 00559304140B00F6001E9C43 /* YKUIActivityLabel.m */; };
		0055932D140B00F6001E9C43 /* YKCompressor.h in Headers */ = {isa = PBXBuildFile; fileRef = 00559306140B00F6001E9C43 /* YKCompressor.h */; };
		0055932E140B00F6001E9C43 /* YKResource.h in Headers */ = {isa = PBXBuildFile; fileRef = 00559307140B00F6001E9C43 /* YKResource.h */; };
		0055932F140B00F6001E9C43 /* YKResource.m in Sources */ = {isa = PBXBuildFile; fileRef = 00559308140B00F6001E9C43 /* YKResource.m */; };
		00559330140B00F6001E9C43 /* YKURL.h in Headers */ = {isa = PBXBuildFile; fileRef = 00559309140B00F6001E9C43 /* YKURL.h */; };
		00559331140B00F6001E9C43 /* YKURL.m in Sources */ = {isa = PBXBuildFile; fileRef = 0055930A140B00F6001E9C43 /* YKURL.m */; };
		00559332140B00F6001E9C43 /* YKURLCache.h in Headers */ = {isa = PBXBuildFile; fileRef = 0055930B140B00F6001E9C43 /* YKURLCache.h */; };
		00559333140B00F6001E9C43 /* YKURLCache.m in Sources */ = {isa = PBXBuildFile; fileRef = 0055930C140B00F6001E9C43 /* YKURLCache.m */; };
		00559334140B00F6001E9C43 /* YKURLRequest.h in Headers */ = {isa = PBXBuildFile; fileRef = 0055930D140B00F6001E9C43 /* YKURLRequest.h */; };
		00559335140B00F6001E9C43 /* YKURLRequest.m in Sources */ = {isa = PBXBuildFile; fileRef = 0055930E140B00F6001E9C43 /* YKURLRequest.m */; };
		00559336140B00F6001E9C43 /* YKUIRefreshTableHeaderView.h in Headers */ = {isa = PBXBuildFile; fileRef = 00559311140B00F6001E9C43 /* YKUIRefreshTableHeaderView.h */; };
		00559337140B00F6001E9C43 /* YKUIRefreshTableHeaderView.m in Sources */ = {isa = PBXBuildFile; fileRef = 00559312140B00F6001E9C43 /* YKUIRefreshTableHeaderView.m */; };
		00559338140B00F6001E9C43 /* YKUIRefreshTableView.h in Headers */ = {isa = PBXBuildFile; fileRef = 00559313140B00F6001E9C43 /* YKUIRefreshTableView.h */; };
		00559339140B00F6001E9C43 /* YKUIRefreshTableView.m in Sources */ = {isa = PBXBuildFile; fileRef = 00559314140B00F6001E9C43 /* YKUIRefreshTableView.m */; };
		0055933A140B00F6001E9C43 /* YKUIImageView.h in Headers */ = {isa = PBXBuildFile; fileRef = 00559316140B00F6001E9C43 /* YKUIImageView.h */; };
		0055933B140B00F6001E9C43 /* YKUIImageView.m in Sources */ = {isa = PBXBuildFile; fileRef = 00559317140B00F6001E9C43 /* YKUIImageView.m */; };
		00559342140B00F6001E9C43 /* YKLayout.h in Headers */ = {isa = PBXBuildFile; fileRef = 00559320140B00F6001E9C43 /* YKLayout.h */; };
		00559343140B00F6001E9C43 /* YKLayout.m in Sources */ = {isa = PBXBuildFile; fileRef = 00559321140B00F6001E9C43 /* YKLayout.m */; };
		00559346140B00F6001E9C43 /* YKDefines.h in Headers */ = {isa = PBXBuildFile; fileRef = 00559324140B00F6001E9C43 /* YKDefines.h */; settings = {ATTRIBUTES = (); }; };
		00559347140B00F6001E9C43 /* YKError.h in Headers */ = {isa = PBXBuildFile; fileRef = 00559325140B00F6001E9C43 /* YKError.h */; settings = {ATTRIBUTES = (); }; };
		00559348140B00F6001E9C43 /* YKError.m in Sources */ = {isa = PBXBuildFile; fileRef = 00559326140B00F6001E9C43 /* YKError.m */; };
		00559349140B00F6001E9C43 /* YKLocalized.h in Headers */ = {isa = PBXBuildFile; fileRef = 00559327140B00F6001E9C43 /* YKLocalized.h */; settings = {ATTRIBUTES = (); }; };
		0055934A140B00F6001E9C43 /* YKLocalized.m in Sources */ = {isa = PBXBuildFile; fileRef = 00559328140B00F6001E9C43 /* YKLocalized.m */; };
		00559353140B0102001E9C43 /* GHKitIOS.framework in Frameworks */ = {isa = PBXBuildFile; fileRef = 00559352140B0102001E9C43 /* GHKitIOS.framework */; };
		006E7DAD151FF2DE005FD9D3 /* YKUIBorder.h in Headers */ = {isa = PBXBuildFile; fileRef = 006E7DAB151FF2DE005FD9D3 /* YKUIBorder.h */; };
		006E7DAE151FF2DE005FD9D3 /* YKUIBorder.m in Sources */ = {isa = PBXBuildFile; fileRef = 006E7DAC151FF2DE005FD9D3 /* YKUIBorder.m */; };
		006E7DB2151FF3C5005FD9D3 /* YKUIBorderView.h in Headers */ = {isa = PBXBuildFile; fileRef = 006E7DB0151FF3C5005FD9D3 /* YKUIBorderView.h */; };
		006E7DB3151FF3C5005FD9D3 /* YKUIBorderView.m in Sources */ = {isa = PBXBuildFile; fileRef = 006E7DB1151FF3C5005FD9D3 /* YKUIBorderView.m */; };
		0072E459151E74D2006EAC84 /* YKUIListView.h in Headers */ = {isa = PBXBuildFile; fileRef = 0072E457151E74D2006EAC84 /* YKUIListView.h */; };
		0072E45A151E74D2006EAC84 /* YKUIListView.m in Sources */ = {isa = PBXBuildFile; fileRef = 0072E458151E74D2006EAC84 /* YKUIListView.m */; };
		00BE005D14A148A8006B733B /* YKCLSortDescriptor.h in Headers */ = {isa = PBXBuildFile; fileRef = 00BE005514A148A8006B733B /* YKCLSortDescriptor.h */; };
		00BE005E14A148A8006B733B /* YKCLSortDescriptor.m in Sources */ = {isa = PBXBuildFile; fileRef = 00BE005614A148A8006B733B /* YKCLSortDescriptor.m */; };
		00BE005F14A148A8006B733B /* YKCLUtils.h in Headers */ = {isa = PBXBuildFile; fileRef = 00BE005714A148A8006B733B /* YKCLUtils.h */; };
		00BE006014A148A8006B733B /* YKCLUtils.m in Sources */ = {isa = PBXBuildFile; fileRef = 00BE005814A148A8006B733B /* YKCLUtils.m */; };
		00BE006114A148A8006B733B /* YKMKAnnotation.h in Headers */ = {isa = PBXBuildFile; fileRef = 00BE005914A148A8006B733B /* YKMKAnnotation.h */; };
		00BE006214A148A8006B733B /* YKMKAnnotation.m in Sources */ = {isa = PBXBuildFile; fileRef = 00BE005A14A148A8006B733B /* YKMKAnnotation.m */; };
		00BE006314A148A8006B733B /* YKMKUtils.h in Headers */ = {isa = PBXBuildFile; fileRef = 00BE005B14A148A8006B733B /* YKMKUtils.h */; };
		00BE006414A148A8006B733B /* YKMKUtils.m in Sources */ = {isa = PBXBuildFile; fileRef = 00BE005C14A148A8006B733B /* YKMKUtils.m */; };
		00D575681457C35C00DE6487 /* YKCGUtils.h in Headers */ = {isa = PBXBuildFile; fileRef = 00D575661457C35C00DE6487 /* YKCGUtils.h */; };
		00D575691457C35C00DE6487 /* YKCGUtils.m in Sources */ = {isa = PBXBuildFile; fileRef = 00D575671457C35C00DE6487 /* YKCGUtils.m */; };
		00D5756C1457C38900DE6487 /* YKUIButton.h in Headers */ = {isa = PBXBuildFile; fileRef = 00D5756A1457C38900DE6487 /* YKUIButton.h */; };
		00D5756D1457C38900DE6487 /* YKUIButton.m in Sources */ = {isa = PBXBuildFile; fileRef = 00D5756B1457C38900DE6487 /* YKUIButton.m */; };
		00D575701457C3CF00DE6487 /* YKUIControl.h in Headers */ = {isa = PBXBuildFile; fileRef = 00D5756E1457C3CF00DE6487 /* YKUIControl.h */; };
		00D575711457C3CF00DE6487 /* YKUIControl.m in Sources */ = {isa = PBXBuildFile; fileRef = 00D5756F1457C3CF00DE6487 /* YKUIControl.m */; };
		00D575741457C47A00DE6487 /* YKUIButtonStyles.h in Headers */ = {isa = PBXBuildFile; fileRef = 00D575721457C47900DE6487 /* YKUIButtonStyles.h */; };
		00D575751457C47A00DE6487 /* YKUIButtonStyles.m in Sources */ = {isa = PBXBuildFile; fileRef = 00D575731457C47900DE6487 /* YKUIButtonStyles.m */; };
		00D5757B1457C65200DE6487 /* QuartzCore.framework in Frameworks */ = {isa = PBXBuildFile; fileRef = 00D5757A1457C65200DE6487 /* QuartzCore.framework */; };
		00E928AE1524D93600E90AF1 /* YKUIImageControl.h in Headers */ = {isa = PBXBuildFile; fileRef = 00E928AC1524D93600E90AF1 /* YKUIImageControl.h */; };
		00E928AF1524D93600E90AF1 /* YKUIImageControl.m in Sources */ = {isa = PBXBuildFile; fileRef = 00E928AD1524D93600E90AF1 /* YKUIImageControl.m */; };
		00E928B31524DED800E90AF1 /* YKUIImageActivityView.h in Headers */ = {isa = PBXBuildFile; fileRef = 00E928B11524DED800E90AF1 /* YKUIImageActivityView.h */; };
		00E928B41524DED800E90AF1 /* YKUIImageActivityView.m in Sources */ = {isa = PBXBuildFile; fileRef = 00E928B21524DED800E90AF1 /* YKUIImageActivityView.m */; };
		00E928B71524DEEC00E90AF1 /* YKUIActivityView.h in Headers */ = {isa = PBXBuildFile; fileRef = 00E928B51524DEEC00E90AF1 /* YKUIActivityView.h */; };
		00E928B81524DEEC00E90AF1 /* YKUIActivityView.m in Sources */ = {isa = PBXBuildFile; fileRef = 00E928B61524DEEC00E90AF1 /* YKUIActivityView.m */; };
		4227623E150FFDC1002E177D /* UIColor+YKUtils.h in Headers */ = {isa = PBXBuildFile; fileRef = 4227623C150FFDC1002E177D /* UIColor+YKUtils.h */; };
		4227623F150FFDC1002E177D /* UIColor+YKUtils.m in Sources */ = {isa = PBXBuildFile; fileRef = 4227623D150FFDC1002E177D /* UIColor+YKUtils.m */; };
/* End PBXBuildFile section */

/* Begin PBXFileReference section */
		0013505315003C1900B0976D /* YKUISwitch.h */ = {isa = PBXFileReference; fileEncoding = 4; lastKnownFileType = sourcecode.c.h; path = YKUISwitch.h; sourceTree = "<group>"; };
		00149F2B1521040800321DF4 /* YKUISwipeView.h */ = {isa = PBXFileReference; fileEncoding = 4; lastKnownFileType = sourcecode.c.h; path = YKUISwipeView.h; sourceTree = "<group>"; };
		00149F2C1521040800321DF4 /* YKUISwipeView.m */ = {isa = PBXFileReference; fileEncoding = 4; lastKnownFileType = sourcecode.c.objc; path = YKUISwipeView.m; sourceTree = "<group>"; };
		002629AD151BABB800F840DB /* YKUIButtons.h */ = {isa = PBXFileReference; fileEncoding = 4; lastKnownFileType = sourcecode.c.h; path = YKUIButtons.h; sourceTree = "<group>"; };
		002629AE151BABB800F840DB /* YKUIButtons.m */ = {isa = PBXFileReference; fileEncoding = 4; lastKnownFileType = sourcecode.c.objc; path = YKUIButtons.m; sourceTree = "<group>"; };
		004DA800145235F000247993 /* YKUILayoutView.h */ = {isa = PBXFileReference; fileEncoding = 4; lastKnownFileType = sourcecode.c.h; path = YKUILayoutView.h; sourceTree = "<group>"; };
		004DA801145235F100247993 /* YKUILayoutView.m */ = {isa = PBXFileReference; fileEncoding = 4; lastKnownFileType = sourcecode.c.objc; path = YKUILayoutView.m; sourceTree = "<group>"; };
		005592E8140B0085001E9C43 /* libYelpKit.a */ = {isa = PBXFileReference; explicitFileType = archive.ar; includeInIndex = 0; path = libYelpKit.a; sourceTree = BUILT_PRODUCTS_DIR; };
		005592EB140B0085001E9C43 /* Foundation.framework */ = {isa = PBXFileReference; lastKnownFileType = wrapper.framework; name = Foundation.framework; path = System/Library/Frameworks/Foundation.framework; sourceTree = SDKROOT; };
		005592FD140B00E2001E9C43 /* YelpKit-Prefix.pch */ = {isa = PBXFileReference; lastKnownFileType = sourcecode.c.h; path = "YelpKit-Prefix.pch"; sourceTree = "<group>"; };
		00559300140B00F6001E9C43 /* YKImageLoader.h */ = {isa = PBXFileReference; fileEncoding = 4; lastKnownFileType = sourcecode.c.h; path = YKImageLoader.h; sourceTree = "<group>"; };
		00559301140B00F6001E9C43 /* YKImageLoader.m */ = {isa = PBXFileReference; fileEncoding = 4; lastKnownFileType = sourcecode.c.objc; path = YKImageLoader.m; sourceTree = "<group>"; };
		00559303140B00F6001E9C43 /* YKUIActivityLabel.h */ = {isa = PBXFileReference; fileEncoding = 4; lastKnownFileType = sourcecode.c.h; path = YKUIActivityLabel.h; sourceTree = "<group>"; };
		00559304140B00F6001E9C43 /* YKUIActivityLabel.m */ = {isa = PBXFileReference; fileEncoding = 4; lastKnownFileType = sourcecode.c.objc; path = YKUIActivityLabel.m; sourceTree = "<group>"; };
		00559306140B00F6001E9C43 /* YKCompressor.h */ = {isa = PBXFileReference; fileEncoding = 4; lastKnownFileType = sourcecode.c.h; path = YKCompressor.h; sourceTree = "<group>"; };
		00559307140B00F6001E9C43 /* YKResource.h */ = {isa = PBXFileReference; fileEncoding = 4; lastKnownFileType = sourcecode.c.h; path = YKResource.h; sourceTree = "<group>"; };
		00559308140B00F6001E9C43 /* YKResource.m */ = {isa = PBXFileReference; fileEncoding = 4; lastKnownFileType = sourcecode.c.objc; path = YKResource.m; sourceTree = "<group>"; };
		00559309140B00F6001E9C43 /* YKURL.h */ = {isa = PBXFileReference; fileEncoding = 4; lastKnownFileType = sourcecode.c.h; path = YKURL.h; sourceTree = "<group>"; };
		0055930A140B00F6001E9C43 /* YKURL.m */ = {isa = PBXFileReference; fileEncoding = 4; lastKnownFileType = sourcecode.c.objc; path = YKURL.m; sourceTree = "<group>"; };
		0055930B140B00F6001E9C43 /* YKURLCache.h */ = {isa = PBXFileReference; fileEncoding = 4; lastKnownFileType = sourcecode.c.h; path = YKURLCache.h; sourceTree = "<group>"; };
		0055930C140B00F6001E9C43 /* YKURLCache.m */ = {isa = PBXFileReference; fileEncoding = 4; lastKnownFileType = sourcecode.c.objc; path = YKURLCache.m; sourceTree = "<group>"; };
		0055930D140B00F6001E9C43 /* YKURLRequest.h */ = {isa = PBXFileReference; fileEncoding = 4; lastKnownFileType = sourcecode.c.h; path = YKURLRequest.h; sourceTree = "<group>"; };
		0055930E140B00F6001E9C43 /* YKURLRequest.m */ = {isa = PBXFileReference; fileEncoding = 4; lastKnownFileType = sourcecode.c.objc; path = YKURLRequest.m; sourceTree = "<group>"; };
		00559310140B00F6001E9C43 /* pull_to_refresh_icon.png */ = {isa = PBXFileReference; lastKnownFileType = image.png; path = pull_to_refresh_icon.png; sourceTree = "<group>"; };
		00559311140B00F6001E9C43 /* YKUIRefreshTableHeaderView.h */ = {isa = PBXFileReference; fileEncoding = 4; lastKnownFileType = sourcecode.c.h; path = YKUIRefreshTableHeaderView.h; sourceTree = "<group>"; };
		00559312140B00F6001E9C43 /* YKUIRefreshTableHeaderView.m */ = {isa = PBXFileReference; fileEncoding = 4; lastKnownFileType = sourcecode.c.objc; path = YKUIRefreshTableHeaderView.m; sourceTree = "<group>"; };
		00559313140B00F6001E9C43 /* YKUIRefreshTableView.h */ = {isa = PBXFileReference; fileEncoding = 4; lastKnownFileType = sourcecode.c.h; path = YKUIRefreshTableView.h; sourceTree = "<group>"; };
		00559314140B00F6001E9C43 /* YKUIRefreshTableView.m */ = {isa = PBXFileReference; fileEncoding = 4; lastKnownFileType = sourcecode.c.objc; path = YKUIRefreshTableView.m; sourceTree = "<group>"; };
		00559316140B00F6001E9C43 /* YKUIImageView.h */ = {isa = PBXFileReference; fileEncoding = 4; lastKnownFileType = sourcecode.c.h; path = YKUIImageView.h; sourceTree = "<group>"; };
		00559317140B00F6001E9C43 /* YKUIImageView.m */ = {isa = PBXFileReference; fileEncoding = 4; lastKnownFileType = sourcecode.c.objc; path = YKUIImageView.m; sourceTree = "<group>"; };
		00559320140B00F6001E9C43 /* YKLayout.h */ = {isa = PBXFileReference; fileEncoding = 4; lastKnownFileType = sourcecode.c.h; path = YKLayout.h; sourceTree = "<group>"; };
		00559321140B00F6001E9C43 /* YKLayout.m */ = {isa = PBXFileReference; fileEncoding = 4; lastKnownFileType = sourcecode.c.objc; path = YKLayout.m; sourceTree = "<group>"; };
		00559324140B00F6001E9C43 /* YKDefines.h */ = {isa = PBXFileReference; fileEncoding = 4; lastKnownFileType = sourcecode.c.h; path = YKDefines.h; sourceTree = "<group>"; };
		00559325140B00F6001E9C43 /* YKError.h */ = {isa = PBXFileReference; fileEncoding = 4; lastKnownFileType = sourcecode.c.h; path = YKError.h; sourceTree = "<group>"; };
		00559326140B00F6001E9C43 /* YKError.m */ = {isa = PBXFileReference; fileEncoding = 4; lastKnownFileType = sourcecode.c.objc; path = YKError.m; sourceTree = "<group>"; };
		00559327140B00F6001E9C43 /* YKLocalized.h */ = {isa = PBXFileReference; fileEncoding = 4; lastKnownFileType = sourcecode.c.h; path = YKLocalized.h; sourceTree = "<group>"; };
		00559328140B00F6001E9C43 /* YKLocalized.m */ = {isa = PBXFileReference; fileEncoding = 4; lastKnownFileType = sourcecode.c.objc; path = YKLocalized.m; sourceTree = "<group>"; };
		00559352140B0102001E9C43 /* GHKitIOS.framework */ = {isa = PBXFileReference; lastKnownFileType = wrapper.framework; path = GHKitIOS.framework; sourceTree = "<group>"; };
		006E7DAB151FF2DE005FD9D3 /* YKUIBorder.h */ = {isa = PBXFileReference; fileEncoding = 4; lastKnownFileType = sourcecode.c.h; path = YKUIBorder.h; sourceTree = "<group>"; };
		006E7DAC151FF2DE005FD9D3 /* YKUIBorder.m */ = {isa = PBXFileReference; fileEncoding = 4; lastKnownFileType = sourcecode.c.objc; path = YKUIBorder.m; sourceTree = "<group>"; };
		006E7DB0151FF3C5005FD9D3 /* YKUIBorderView.h */ = {isa = PBXFileReference; fileEncoding = 4; lastKnownFileType = sourcecode.c.h; path = YKUIBorderView.h; sourceTree = "<group>"; };
		006E7DB1151FF3C5005FD9D3 /* YKUIBorderView.m */ = {isa = PBXFileReference; fileEncoding = 4; lastKnownFileType = sourcecode.c.objc; path = YKUIBorderView.m; sourceTree = "<group>"; };
		0072E457151E74D2006EAC84 /* YKUIListView.h */ = {isa = PBXFileReference; fileEncoding = 4; lastKnownFileType = sourcecode.c.h; path = YKUIListView.h; sourceTree = "<group>"; };
		0072E458151E74D2006EAC84 /* YKUIListView.m */ = {isa = PBXFileReference; fileEncoding = 4; lastKnownFileType = sourcecode.c.objc; path = YKUIListView.m; sourceTree = "<group>"; };
		00BE005514A148A8006B733B /* YKCLSortDescriptor.h */ = {isa = PBXFileReference; fileEncoding = 4; lastKnownFileType = sourcecode.c.h; path = YKCLSortDescriptor.h; sourceTree = "<group>"; };
		00BE005614A148A8006B733B /* YKCLSortDescriptor.m */ = {isa = PBXFileReference; fileEncoding = 4; lastKnownFileType = sourcecode.c.objc; path = YKCLSortDescriptor.m; sourceTree = "<group>"; };
		00BE005714A148A8006B733B /* YKCLUtils.h */ = {isa = PBXFileReference; fileEncoding = 4; lastKnownFileType = sourcecode.c.h; path = YKCLUtils.h; sourceTree = "<group>"; };
		00BE005814A148A8006B733B /* YKCLUtils.m */ = {isa = PBXFileReference; fileEncoding = 4; lastKnownFileType = sourcecode.c.objc; path = YKCLUtils.m; sourceTree = "<group>"; };
		00BE005914A148A8006B733B /* YKMKAnnotation.h */ = {isa = PBXFileReference; fileEncoding = 4; lastKnownFileType = sourcecode.c.h; path = YKMKAnnotation.h; sourceTree = "<group>"; };
		00BE005A14A148A8006B733B /* YKMKAnnotation.m */ = {isa = PBXFileReference; fileEncoding = 4; lastKnownFileType = sourcecode.c.objc; path = YKMKAnnotation.m; sourceTree = "<group>"; };
		00BE005B14A148A8006B733B /* YKMKUtils.h */ = {isa = PBXFileReference; fileEncoding = 4; lastKnownFileType = sourcecode.c.h; path = YKMKUtils.h; sourceTree = "<group>"; };
		00BE005C14A148A8006B733B /* YKMKUtils.m */ = {isa = PBXFileReference; fileEncoding = 4; lastKnownFileType = sourcecode.c.objc; path = YKMKUtils.m; sourceTree = "<group>"; };
		00D575661457C35C00DE6487 /* YKCGUtils.h */ = {isa = PBXFileReference; fileEncoding = 4; lastKnownFileType = sourcecode.c.h; path = YKCGUtils.h; sourceTree = "<group>"; };
		00D575671457C35C00DE6487 /* YKCGUtils.m */ = {isa = PBXFileReference; fileEncoding = 4; lastKnownFileType = sourcecode.c.objc; path = YKCGUtils.m; sourceTree = "<group>"; };
		00D5756A1457C38900DE6487 /* YKUIButton.h */ = {isa = PBXFileReference; fileEncoding = 4; lastKnownFileType = sourcecode.c.h; path = YKUIButton.h; sourceTree = "<group>"; };
		00D5756B1457C38900DE6487 /* YKUIButton.m */ = {isa = PBXFileReference; fileEncoding = 4; lastKnownFileType = sourcecode.c.objc; path = YKUIButton.m; sourceTree = "<group>"; };
		00D5756E1457C3CF00DE6487 /* YKUIControl.h */ = {isa = PBXFileReference; fileEncoding = 4; lastKnownFileType = sourcecode.c.h; path = YKUIControl.h; sourceTree = "<group>"; };
		00D5756F1457C3CF00DE6487 /* YKUIControl.m */ = {isa = PBXFileReference; fileEncoding = 4; lastKnownFileType = sourcecode.c.objc; path = YKUIControl.m; sourceTree = "<group>"; };
		00D575721457C47900DE6487 /* YKUIButtonStyles.h */ = {isa = PBXFileReference; fileEncoding = 4; lastKnownFileType = sourcecode.c.h; path = YKUIButtonStyles.h; sourceTree = "<group>"; };
		00D575731457C47900DE6487 /* YKUIButtonStyles.m */ = {isa = PBXFileReference; fileEncoding = 4; lastKnownFileType = sourcecode.c.objc; path = YKUIButtonStyles.m; sourceTree = "<group>"; };
		00D575761457C62A00DE6487 /* CoreGraphics.framework */ = {isa = PBXFileReference; lastKnownFileType = wrapper.framework; name = CoreGraphics.framework; path = System/Library/Frameworks/CoreGraphics.framework; sourceTree = SDKROOT; };
		00D575781457C63400DE6487 /* CoreFoundation.framework */ = {isa = PBXFileReference; lastKnownFileType = wrapper.framework; name = CoreFoundation.framework; path = System/Library/Frameworks/CoreFoundation.framework; sourceTree = SDKROOT; };
		00D5757A1457C65200DE6487 /* QuartzCore.framework */ = {isa = PBXFileReference; lastKnownFileType = wrapper.framework; name = QuartzCore.framework; path = System/Library/Frameworks/QuartzCore.framework; sourceTree = SDKROOT; };
		00E928AC1524D93600E90AF1 /* YKUIImageControl.h */ = {isa = PBXFileReference; fileEncoding = 4; lastKnownFileType = sourcecode.c.h; path = YKUIImageControl.h; sourceTree = "<group>"; };
		00E928AD1524D93600E90AF1 /* YKUIImageControl.m */ = {isa = PBXFileReference; fileEncoding = 4; lastKnownFileType = sourcecode.c.objc; path = YKUIImageControl.m; sourceTree = "<group>"; };
		00E928B11524DED800E90AF1 /* YKUIImageActivityView.h */ = {isa = PBXFileReference; fileEncoding = 4; lastKnownFileType = sourcecode.c.h; name = YKUIImageActivityView.h; path = Classes/UIImageView/YKUIImageActivityView.h; sourceTree = SOURCE_ROOT; };
		00E928B21524DED800E90AF1 /* YKUIImageActivityView.m */ = {isa = PBXFileReference; fileEncoding = 4; lastKnownFileType = sourcecode.c.objc; name = YKUIImageActivityView.m; path = Classes/UIImageView/YKUIImageActivityView.m; sourceTree = SOURCE_ROOT; };
		00E928B51524DEEC00E90AF1 /* YKUIActivityView.h */ = {isa = PBXFileReference; fileEncoding = 4; lastKnownFileType = sourcecode.c.h; name = YKUIActivityView.h; path = Classes/UIView/YKUIActivityView.h; sourceTree = SOURCE_ROOT; };
		00E928B61524DEEC00E90AF1 /* YKUIActivityView.m */ = {isa = PBXFileReference; fileEncoding = 4; lastKnownFileType = sourcecode.c.objc; name = YKUIActivityView.m; path = Classes/UIView/YKUIActivityView.m; sourceTree = SOURCE_ROOT; };
		4227623C150FFDC1002E177D /* UIColor+YKUtils.h */ = {isa = PBXFileReference; fileEncoding = 4; lastKnownFileType = sourcecode.c.h; path = "UIColor+YKUtils.h"; sourceTree = "<group>"; };
		4227623D150FFDC1002E177D /* UIColor+YKUtils.m */ = {isa = PBXFileReference; fileEncoding = 4; lastKnownFileType = sourcecode.c.objc; path = "UIColor+YKUtils.m"; sourceTree = "<group>"; };
/* End PBXFileReference section */

/* Begin PBXFrameworksBuildPhase section */
		005592E5140B0085001E9C43 /* Frameworks */ = {
			isa = PBXFrameworksBuildPhase;
			buildActionMask = 2147483647;
			files = (
				00D5757B1457C65200DE6487 /* QuartzCore.framework in Frameworks */,
				005592EC140B0085001E9C43 /* Foundation.framework in Frameworks */,
				00559353140B0102001E9C43 /* GHKitIOS.framework in Frameworks */,
			);
			runOnlyForDeploymentPostprocessing = 0;
		};
/* End PBXFrameworksBuildPhase section */

/* Begin PBXGroup section */
		005592DD140B0085001E9C43 = {
			isa = PBXGroup;
			children = (
				005592FE140B00F6001E9C43 /* Classes */,
				0055934B140B0102001E9C43 /* Libraries */,
				005592FD140B00E2001E9C43 /* YelpKit-Prefix.pch */,
				005592EA140B0085001E9C43 /* Frameworks */,
				005592E9140B0085001E9C43 /* Products */,
			);
			sourceTree = "<group>";
		};
		005592E9140B0085001E9C43 /* Products */ = {
			isa = PBXGroup;
			children = (
				005592E8140B0085001E9C43 /* libYelpKit.a */,
			);
			name = Products;
			sourceTree = "<group>";
		};
		005592EA140B0085001E9C43 /* Frameworks */ = {
			isa = PBXGroup;
			children = (
				00D5757A1457C65200DE6487 /* QuartzCore.framework */,
				00D575781457C63400DE6487 /* CoreFoundation.framework */,
				00D575761457C62A00DE6487 /* CoreGraphics.framework */,
				005592EB140B0085001E9C43 /* Foundation.framework */,
			);
			name = Frameworks;
			sourceTree = "<group>";
		};
		005592FE140B00F6001E9C43 /* Classes */ = {
			isa = PBXGroup;
			children = (
				4227623A150FFDAE002E177D /* UIColor */,
				00BE005414A148A8006B733B /* Location */,
				00D575641457C35C00DE6487 /* Buttons */,
				00D575651457C35C00DE6487 /* UI */,
				005592FF140B00F6001E9C43 /* ImageLoader */,
				00559302140B00F6001E9C43 /* Labels */,
				00559305140B00F6001E9C43 /* Network */,
				0055930F140B00F6001E9C43 /* PullToRefresh */,
				00559315140B00F6001E9C43 /* UIImageView */,
				00559318140B00F6001E9C43 /* UIView */,
				00559324140B00F6001E9C43 /* YKDefines.h */,
				00559325140B00F6001E9C43 /* YKError.h */,
				00559326140B00F6001E9C43 /* YKError.m */,
				00559327140B00F6001E9C43 /* YKLocalized.h */,
				00559328140B00F6001E9C43 /* YKLocalized.m */,
			);
			path = Classes;
			sourceTree = "<group>";
		};
		005592FF140B00F6001E9C43 /* ImageLoader */ = {
			isa = PBXGroup;
			children = (
				00559300140B00F6001E9C43 /* YKImageLoader.h */,
				00559301140B00F6001E9C43 /* YKImageLoader.m */,
			);
			path = ImageLoader;
			sourceTree = "<group>";
		};
		00559302140B00F6001E9C43 /* Labels */ = {
			isa = PBXGroup;
			children = (
				00559303140B00F6001E9C43 /* YKUIActivityLabel.h */,
				00559304140B00F6001E9C43 /* YKUIActivityLabel.m */,
			);
			path = Labels;
			sourceTree = "<group>";
		};
		00559305140B00F6001E9C43 /* Network */ = {
			isa = PBXGroup;
			children = (
				00559306140B00F6001E9C43 /* YKCompressor.h */,
				00559307140B00F6001E9C43 /* YKResource.h */,
				00559308140B00F6001E9C43 /* YKResource.m */,
				00559309140B00F6001E9C43 /* YKURL.h */,
				0055930A140B00F6001E9C43 /* YKURL.m */,
				0055930B140B00F6001E9C43 /* YKURLCache.h */,
				0055930C140B00F6001E9C43 /* YKURLCache.m */,
				0055930D140B00F6001E9C43 /* YKURLRequest.h */,
				0055930E140B00F6001E9C43 /* YKURLRequest.m */,
			);
			path = Network;
			sourceTree = "<group>";
		};
		0055930F140B00F6001E9C43 /* PullToRefresh */ = {
			isa = PBXGroup;
			children = (
				00559310140B00F6001E9C43 /* pull_to_refresh_icon.png */,
				00559311140B00F6001E9C43 /* YKUIRefreshTableHeaderView.h */,
				00559312140B00F6001E9C43 /* YKUIRefreshTableHeaderView.m */,
				00559313140B00F6001E9C43 /* YKUIRefreshTableView.h */,
				00559314140B00F6001E9C43 /* YKUIRefreshTableView.m */,
			);
			path = PullToRefresh;
			sourceTree = "<group>";
		};
		00559315140B00F6001E9C43 /* UIImageView */ = {
			isa = PBXGroup;
			children = (
				00E928B11524DED800E90AF1 /* YKUIImageActivityView.h */,
				00E928B21524DED800E90AF1 /* YKUIImageActivityView.m */,
				00559316140B00F6001E9C43 /* YKUIImageView.h */,
				00559317140B00F6001E9C43 /* YKUIImageView.m */,
				00E928AC1524D93600E90AF1 /* YKUIImageControl.h */,
				00E928AD1524D93600E90AF1 /* YKUIImageControl.m */,
			);
			path = UIImageView;
			sourceTree = "<group>";
		};
		00559318140B00F6001E9C43 /* UIView */ = {
			isa = PBXGroup;
			children = (
				00E928B51524DEEC00E90AF1 /* YKUIActivityView.h */,
				00E928B61524DEEC00E90AF1 /* YKUIActivityView.m */,
				006E7DAB151FF2DE005FD9D3 /* YKUIBorder.h */,
				006E7DAC151FF2DE005FD9D3 /* YKUIBorder.m */,
				006E7DB0151FF3C5005FD9D3 /* YKUIBorderView.h */,
				006E7DB1151FF3C5005FD9D3 /* YKUIBorderView.m */,
				00559320140B00F6001E9C43 /* YKLayout.h */,
				00559321140B00F6001E9C43 /* YKLayout.m */,
				004DA800145235F000247993 /* YKUILayoutView.h */,
				004DA801145235F100247993 /* YKUILayoutView.m */,
				0072E457151E74D2006EAC84 /* YKUIListView.h */,
				0072E458151E74D2006EAC84 /* YKUIListView.m */,
				00149F2B1521040800321DF4 /* YKUISwipeView.h */,
				00149F2C1521040800321DF4 /* YKUISwipeView.m */,
			);
			path = UIView;
			sourceTree = "<group>";
		};
		0055934B140B0102001E9C43 /* Libraries */ = {
			isa = PBXGroup;
			children = (
				00559352140B0102001E9C43 /* GHKitIOS.framework */,
			);
			path = Libraries;
			sourceTree = "<group>";
		};
		00BE005414A148A8006B733B /* Location */ = {
			isa = PBXGroup;
			children = (
				00BE005514A148A8006B733B /* YKCLSortDescriptor.h */,
				00BE005614A148A8006B733B /* YKCLSortDescriptor.m */,
				00BE005714A148A8006B733B /* YKCLUtils.h */,
				00BE005814A148A8006B733B /* YKCLUtils.m */,
				00BE005914A148A8006B733B /* YKMKAnnotation.h */,
				00BE005A14A148A8006B733B /* YKMKAnnotation.m */,
				00BE005B14A148A8006B733B /* YKMKUtils.h */,
				00BE005C14A148A8006B733B /* YKMKUtils.m */,
			);
			path = Location;
			sourceTree = "<group>";
		};
		00D575641457C35C00DE6487 /* Buttons */ = {
			isa = PBXGroup;
			children = (
				00D5756A1457C38900DE6487 /* YKUIButton.h */,
				00D5756B1457C38900DE6487 /* YKUIButton.m */,
				00D5756E1457C3CF00DE6487 /* YKUIControl.h */,
				00D5756F1457C3CF00DE6487 /* YKUIControl.m */,
				00D575721457C47900DE6487 /* YKUIButtonStyles.h */,
				00D575731457C47900DE6487 /* YKUIButtonStyles.m */,
				0013505315003C1900B0976D /* YKUISwitch.h */,
				002629AD151BABB800F840DB /* YKUIButtons.h */,
				002629AE151BABB800F840DB /* YKUIButtons.m */,
			);
			path = Buttons;
			sourceTree = "<group>";
		};
		00D575651457C35C00DE6487 /* UI */ = {
			isa = PBXGroup;
			children = (
				00D575661457C35C00DE6487 /* YKCGUtils.h */,
				00D575671457C35C00DE6487 /* YKCGUtils.m */,
			);
			path = UI;
			sourceTree = "<group>";
		};
		4227623A150FFDAE002E177D /* UIColor */ = {
			isa = PBXGroup;
			children = (
				4227623C150FFDC1002E177D /* UIColor+YKUtils.h */,
				4227623D150FFDC1002E177D /* UIColor+YKUtils.m */,
			);
			path = UIColor;
			sourceTree = "<group>";
		};
/* End PBXGroup section */

/* Begin PBXHeadersBuildPhase section */
		005592E6140B0085001E9C43 /* Headers */ = {
			isa = PBXHeadersBuildPhase;
			buildActionMask = 2147483647;
			files = (
				00559329140B00F6001E9C43 /* YKImageLoader.h in Headers */,
				0055932B140B00F6001E9C43 /* YKUIActivityLabel.h in Headers */,
				0055932D140B00F6001E9C43 /* YKCompressor.h in Headers */,
				0055932E140B00F6001E9C43 /* YKResource.h in Headers */,
				00559330140B00F6001E9C43 /* YKURL.h in Headers */,
				00559332140B00F6001E9C43 /* YKURLCache.h in Headers */,
				00559334140B00F6001E9C43 /* YKURLRequest.h in Headers */,
				00559336140B00F6001E9C43 /* YKUIRefreshTableHeaderView.h in Headers */,
				00559338140B00F6001E9C43 /* YKUIRefreshTableView.h in Headers */,
				0055933A140B00F6001E9C43 /* YKUIImageView.h in Headers */,
				00559342140B00F6001E9C43 /* YKLayout.h in Headers */,
				00559346140B00F6001E9C43 /* YKDefines.h in Headers */,
				00559347140B00F6001E9C43 /* YKError.h in Headers */,
				00559349140B00F6001E9C43 /* YKLocalized.h in Headers */,
				004DA802145235F100247993 /* YKUILayoutView.h in Headers */,
				00D575681457C35C00DE6487 /* YKCGUtils.h in Headers */,
				00D5756C1457C38900DE6487 /* YKUIButton.h in Headers */,
				00D575701457C3CF00DE6487 /* YKUIControl.h in Headers */,
				00D575741457C47A00DE6487 /* YKUIButtonStyles.h in Headers */,
				00BE005D14A148A8006B733B /* YKCLSortDescriptor.h in Headers */,
				00BE005F14A148A8006B733B /* YKCLUtils.h in Headers */,
				00BE006114A148A8006B733B /* YKMKAnnotation.h in Headers */,
				00BE006314A148A8006B733B /* YKMKUtils.h in Headers */,
				0013505515003C1900B0976D /* YKUISwitch.h in Headers */,
				4227623E150FFDC1002E177D /* UIColor+YKUtils.h in Headers */,
				002629AF151BABB800F840DB /* YKUIButtons.h in Headers */,
				0072E459151E74D2006EAC84 /* YKUIListView.h in Headers */,
				006E7DAD151FF2DE005FD9D3 /* YKUIBorder.h in Headers */,
				006E7DB2151FF3C5005FD9D3 /* YKUIBorderView.h in Headers */,
				00149F2D1521040800321DF4 /* YKUISwipeView.h in Headers */,
				00E928AE1524D93600E90AF1 /* YKUIImageControl.h in Headers */,
				00E928B31524DED800E90AF1 /* YKUIImageActivityView.h in Headers */,
				00E928B71524DEEC00E90AF1 /* YKUIActivityView.h in Headers */,
			);
			runOnlyForDeploymentPostprocessing = 0;
		};
/* End PBXHeadersBuildPhase section */

/* Begin PBXNativeTarget section */
		005592E7140B0085001E9C43 /* YelpKit */ = {
			isa = PBXNativeTarget;
			buildConfigurationList = 005592F2140B0085001E9C43 /* Build configuration list for PBXNativeTarget "YelpKit" */;
			buildPhases = (
				005592E4140B0085001E9C43 /* Sources */,
				005592E5140B0085001E9C43 /* Frameworks */,
				005592E6140B0085001E9C43 /* Headers */,
			);
			buildRules = (
			);
			dependencies = (
			);
			name = YelpKit;
			productName = YelpKit;
			productReference = 005592E8140B0085001E9C43 /* libYelpKit.a */;
			productType = "com.apple.product-type.library.static";
		};
/* End PBXNativeTarget section */

/* Begin PBXProject section */
		005592DF140B0085001E9C43 /* Project object */ = {
			isa = PBXProject;
			attributes = {
				CLASSPREFIX = YK;
				LastUpgradeCheck = 0430;
				ORGANIZATIONNAME = Yelp;
			};
			buildConfigurationList = 005592E2140B0085001E9C43 /* Build configuration list for PBXProject "YelpKit" */;
			compatibilityVersion = "Xcode 3.2";
			developmentRegion = English;
			hasScannedForEncodings = 0;
			knownRegions = (
				en,
			);
			mainGroup = 005592DD140B0085001E9C43;
			productRefGroup = 005592E9140B0085001E9C43 /* Products */;
			projectDirPath = "";
			projectRoot = "";
			targets = (
				005592E7140B0085001E9C43 /* YelpKit */,
			);
		};
/* End PBXProject section */

/* Begin PBXSourcesBuildPhase section */
		005592E4140B0085001E9C43 /* Sources */ = {
			isa = PBXSourcesBuildPhase;
			buildActionMask = 2147483647;
			files = (
				0055932A140B00F6001E9C43 /* YKImageLoader.m in Sources */,
				0055932C140B00F6001E9C43 /* YKUIActivityLabel.m in Sources */,
				0055932F140B00F6001E9C43 /* YKResource.m in Sources */,
				00559331140B00F6001E9C43 /* YKURL.m in Sources */,
				00559333140B00F6001E9C43 /* YKURLCache.m in Sources */,
				00559335140B00F6001E9C43 /* YKURLRequest.m in Sources */,
				00559337140B00F6001E9C43 /* YKUIRefreshTableHeaderView.m in Sources */,
				00559339140B00F6001E9C43 /* YKUIRefreshTableView.m in Sources */,
				0055933B140B00F6001E9C43 /* YKUIImageView.m in Sources */,
				00559343140B00F6001E9C43 /* YKLayout.m in Sources */,
				00559348140B00F6001E9C43 /* YKError.m in Sources */,
				0055934A140B00F6001E9C43 /* YKLocalized.m in Sources */,
				004DA803145235F100247993 /* YKUILayoutView.m in Sources */,
				00D575691457C35C00DE6487 /* YKCGUtils.m in Sources */,
				00D5756D1457C38900DE6487 /* YKUIButton.m in Sources */,
				00D575711457C3CF00DE6487 /* YKUIControl.m in Sources */,
				00D575751457C47A00DE6487 /* YKUIButtonStyles.m in Sources */,
				00BE005E14A148A8006B733B /* YKCLSortDescriptor.m in Sources */,
				00BE006014A148A8006B733B /* YKCLUtils.m in Sources */,
				00BE006214A148A8006B733B /* YKMKAnnotation.m in Sources */,
				00BE006414A148A8006B733B /* YKMKUtils.m in Sources */,
				4227623F150FFDC1002E177D /* UIColor+YKUtils.m in Sources */,
				002629B0151BABB800F840DB /* YKUIButtons.m in Sources */,
				0072E45A151E74D2006EAC84 /* YKUIListView.m in Sources */,
				006E7DAE151FF2DE005FD9D3 /* YKUIBorder.m in Sources */,
				006E7DB3151FF3C5005FD9D3 /* YKUIBorderView.m in Sources */,
				00149F2E1521040800321DF4 /* YKUISwipeView.m in Sources */,
				00E928AF1524D93600E90AF1 /* YKUIImageControl.m in Sources */,
				00E928B41524DED800E90AF1 /* YKUIImageActivityView.m in Sources */,
				00E928B81524DEEC00E90AF1 /* YKUIActivityView.m in Sources */,
			);
			runOnlyForDeploymentPostprocessing = 0;
		};
/* End PBXSourcesBuildPhase section */

/* Begin XCBuildConfiguration section */
		005592F0140B0085001E9C43 /* Debug */ = {
			isa = XCBuildConfiguration;
			buildSettings = {
				ARCHS = "$(ARCHS_STANDARD_32_BIT)";
				GCC_C_LANGUAGE_STANDARD = gnu99;
				GCC_OPTIMIZATION_LEVEL = 0;
				GCC_PREPROCESSOR_DEFINITIONS = DEBUG;
				GCC_SYMBOLS_PRIVATE_EXTERN = NO;
				GCC_WARN_ABOUT_RETURN_TYPE = YES;
				GCC_WARN_UNUSED_VARIABLE = YES;
				IPHONEOS_DEPLOYMENT_TARGET = 4.3;
				SDKROOT = iphoneos;
				SKIP_INSTALL = YES;
			};
			name = Debug;
		};
		005592F1140B0085001E9C43 /* Release */ = {
			isa = XCBuildConfiguration;
			buildSettings = {
				ARCHS = "$(ARCHS_STANDARD_32_BIT)";
				GCC_C_LANGUAGE_STANDARD = gnu99;
				GCC_WARN_ABOUT_RETURN_TYPE = YES;
				GCC_WARN_UNUSED_VARIABLE = YES;
				IPHONEOS_DEPLOYMENT_TARGET = 4.3;
				SDKROOT = iphoneos;
				SKIP_INSTALL = YES;
			};
			name = Release;
		};
		005592F3140B0085001E9C43 /* Debug */ = {
			isa = XCBuildConfiguration;
			buildSettings = {
				ALWAYS_SEARCH_USER_PATHS = NO;
				ARCHS = (
					"$(ARCHS_STANDARD_32_BIT)",
					armv6,
				);
				FRAMEWORK_SEARCH_PATHS = (
					"$(inherited)",
					"\"$(SRCROOT)/Libraries\"",
				);
				GCC_PRECOMPILE_PREFIX_HEADER = YES;
				GCC_PREFIX_HEADER = "YelpKit-Prefix.pch";
				GCC_THUMB_SUPPORT = NO;
				GCC_VERSION = com.apple.compilers.llvm.clang.1_0;
				IPHONEOS_DEPLOYMENT_TARGET = 3.0;
				OTHER_LDFLAGS = "-ObjC";
				PRODUCT_NAME = "$(TARGET_NAME)";
			};
			name = Debug;
		};
		005592F4140B0085001E9C43 /* Release */ = {
			isa = XCBuildConfiguration;
			buildSettings = {
				ALWAYS_SEARCH_USER_PATHS = NO;
				ARCHS = (
					"$(ARCHS_STANDARD_32_BIT)",
					armv6,
				);
				FRAMEWORK_SEARCH_PATHS = (
					"$(inherited)",
					"\"$(SRCROOT)/Libraries\"",
				);
				"GCC_OPTIMIZATION_LEVEL[sdk=iphonesimulator*][arch=*]" = 0;
				GCC_PRECOMPILE_PREFIX_HEADER = YES;
				GCC_PREFIX_HEADER = "YelpKit-Prefix.pch";
				GCC_THUMB_SUPPORT = NO;
				GCC_VERSION = com.apple.compilers.llvm.clang.1_0;
				IPHONEOS_DEPLOYMENT_TARGET = 3.0;
				OTHER_LDFLAGS = "-ObjC";
				PRODUCT_NAME = "$(TARGET_NAME)";
			};
			name = Release;
		};
/* End XCBuildConfiguration section */

/* Begin XCConfigurationList section */
		005592E2140B0085001E9C43 /* Build configuration list for PBXProject "YelpKit" */ = {
			isa = XCConfigurationList;
			buildConfigurations = (
				005592F0140B0085001E9C43 /* Debug */,
				005592F1140B0085001E9C43 /* Release */,
			);
			defaultConfigurationIsVisible = 0;
			defaultConfigurationName = Release;
		};
		005592F2140B0085001E9C43 /* Build configuration list for PBXNativeTarget "YelpKit" */ = {
			isa = XCConfigurationList;
			buildConfigurations = (
				005592F3140B0085001E9C43 /* Debug */,
				005592F4140B0085001E9C43 /* Release */,
			);
			defaultConfigurationIsVisible = 0;
			defaultConfigurationName = Release;
		};
/* End XCConfigurationList section */
	};
	rootObject = 005592DF140B0085001E9C43 /* Project object */;
}
